{
  "name": "@postr/syndicator-telegram",
  "version": "1.0.1",
  "lockfileVersion": 3,
  "requires": true,
  "packages": {
    "": {
      "version": "1.0.1",
      "license": "ISC",
      "dependencies": {
        "@postr/syndicator": "^1.2.0",
        "axios": "^0.21.2",
        "node-telegram-bot-api": "^2.1.0"
      }
    },
    "node_modules/@babel/runtime": {
      "version": "7.6.2",
      "resolved": "https://registry.npmjs.org/@babel/runtime/-/runtime-7.6.2.tgz",
      "integrity": "sha512-EXxN64agfUqqIGeEjI5dL5z0Sw0ZwWo1mLTi4mQowCZ42O59b7DRpZAnTC6OqdF28wMBMFKNb/4uFGrVaigSpg==",
      "dependencies": {
        "regenerator-runtime": "^0.13.2"
      }
    },
    "node_modules/@postr/plugin": {
      "version": "1.0.0",
      "resolved": "https://registry.npmjs.org/@postr/plugin/-/plugin-1.0.0.tgz",
      "integrity": "sha512-o889MPQVUoRgtEd5QDSCVL6CqIrdb/+mFU5I8QtAeAcr9WzW/N7Wwu4PyruH7g8Do6OOMwQ50vRFVqZ/2dCVTA==",
      "dependencies": {
        "@babel/runtime": "^7.3.1"
      }
    },
    "node_modules/@postr/syndicator": {
      "version": "1.2.0",
      "resolved": "https://registry.npmjs.org/@postr/syndicator/-/syndicator-1.2.0.tgz",
      "integrity": "sha512-tVfNJamd9LvxuC2YpcMcP9e9IN0hP1lZsgj92YqVd2V5IOWIityao5zsaXNF/Q0ouP1qDRL8etIiBV1AsoWSTg==",
      "dependencies": {
        "@babel/runtime": "^7.1.2",
        "@postr/plugin": "^1.0.0"
      }
    },
    "node_modules/axios": {
      "version": "0.21.2",
      "resolved": "https://registry.npmjs.org/axios/-/axios-0.21.2.tgz",
      "integrity": "sha512-87otirqUw3e8CzHTMO+/9kh/FSgXt/eVDvipijwDtEuwbkySWZ9SBm6VEubmJ/kLKEoLQV/POhxXFb66bfekfg==",
      "dependencies": {
        "follow-redirects": "^1.14.0"
      }
    },
    "node_modules/follow-redirects": {
      "version": "1.14.8",
      "resolved": "https://registry.npmjs.org/follow-redirects/-/follow-redirects-1.14.8.tgz",
      "integrity": "sha512-1x0S9UVJHsQprFcEC/qnNzBLcIxsjAV905f/UkQxbclCsoTWlacCNOpQa/anodLl2uaEKFhfWOvM2Qg77+15zA==",
      "funding": [
        {
          "type": "individual",
          "url": "https://github.com/sponsors/RubenVerborgh"
        }
      ],
      "engines": {
        "node": ">=4.0"
      },
      "peerDependenciesMeta": {
        "debug": {
          "optional": true
        }
      }
    },
    "node_modules/node-telegram-bot-api": {
      "version": "2.1.0",
      "resolved": "https://registry.npmjs.org/node-telegram-bot-api/-/node-telegram-bot-api-2.1.0.tgz",
      "integrity": "sha512-IXWp7Qzhwv21DqTw0g1CcppTb4TCzrQ949RVdtAmgiHAu3KbcRPyCAFXLaFAViqWDVx8GLZjnWiWJ7pWSj2PRA==",
      "license": "MIT",
      "engines": {
        "node": ">=18"
      }
    },
    "node_modules/regenerator-runtime": {
      "version": "0.13.3",
      "resolved": "https://registry.npmjs.org/regenerator-runtime/-/regenerator-runtime-0.13.3.tgz",
      "integrity": "sha512-naKIZz2GQ8JWh///G7L3X6LaQUAMp2lvb1rvwwsURe/VXwD6VMfr+/1NuNw3ag8v2kY1aQ/go5SNn79O9JU7yw=="
    }
  }
}
